
Microsoft Visual Studio Solution File, Format Version 12.00
# Visual Studio Version 16
VisualStudioVersion = 16.0.29306.81
MinimumVisualStudioVersion = 10.0.40219.1
Project("{FAE04EC0-301F-11D3-BF4B-00C04F79EFBC}") = "Launcher", "Launcher\Launcher.csproj", "{594B2C8C-43D0-49AC-8290-8D3C3B6B5B44}"
EndProject
Global
	GlobalSection(SolutionConfigurationPlatforms) = preSolution
		Debug|Any CPU = Debug|Any CPU
		Release|Any CPU = Release|Any CPU
	EndGlobalSection
	GlobalSection(ProjectConfigurationPlatforms) = postSolution
		{594B2C8C-43D0-49AC-8290-8D3C3B6B5B44}.Debug|Any CPU.ActiveCfg = Debug|Any CPU
		{594B2C8C-43D0-49AC-8290-8D3C3B6B5B44}.Debug|Any CPU.Build.0 = Debug|Any CPU
		{594B2C8C-43D0-49AC-8290-8D3C3B6B5B44}.Release|Any CPU.ActiveCfg = Release|Any CPU
		{594B2C8C-43D0-49AC-8290-8D3C3B6B5B44}.Release|Any CPU.Build.0 = Release|Any CPU
	EndGlobalSection
	GlobalSection(SolutionProperties) = preSolution
		HideSolutionNode = FALSE
	EndGlobalSection
	GlobalSection(ExtensibilityGlobals) = postSolution
		SolutionGuid = {CAEE66B3-EDF2-4872-AC00-E4684640E921}
	EndGlobalSection
EndGlobal
