
Microsoft Visual Studio Solution File, Format Version 12.00
# Visual Studio Version 16
VisualStudioVersion = 16.0.29926.136
MinimumVisualStudioVersion = 10.0.40219.1
Project("{9A19103F-16F7-4668-BE54-9A1E7A4F7556}") = "ChecksumHandler", "ChecksumHandler\ChecksumHandler\ChecksumHandler.csproj", "{92CF2FC1-531F-4960-A193-33545BEC2B91}"
EndProject
Project("{FAE04EC0-301F-11D3-BF4B-00C04F79EFBC}") = "ConsoleForTesting", "ConsoleForTesting\ConsoleForTesting\ConsoleForTesting.csproj", "{0DBFC289-8829-4A26-8CD2-6F7AB9E91AED}"
EndProject
Project("{9A19103F-16F7-4668-BE54-9A1E7A4F7556}") = "PatchManager", "PatchManager\PatchManager.csproj", "{E1BCE2B5-B79B-44B6-9113-30368D4C40F6}"
EndProject
Project("{9A19103F-16F7-4668-BE54-9A1E7A4F7556}") = "ConnectionHandler", "ConnectionHandler\ConnectionHandler.csproj", "{3574E245-C6D6-46F1-9DF9-7AAC97E69CE5}"
EndProject
Project("{9A19103F-16F7-4668-BE54-9A1E7A4F7556}") = "GlobalConfigs", "GlobalConfigs\GlobalConfigs.csproj", "{EEEFCA4C-D9F8-4256-8ADC-CA16F5100811}"
EndProject
Project("{9A19103F-16F7-4668-BE54-9A1E7A4F7556}") = "Models", "Models\Models.csproj", "{9FB4F256-FDCE-4538-B86C-ADEE6576A502}"
EndProject
Project("{9A19103F-16F7-4668-BE54-9A1E7A4F7556}") = "PatchClientLib", "PatchClientLib\PatchClientLib.csproj", "{40BD5A08-C2D0-4FB7-B8E4-B00914403CDE}"
EndProject
Project("{9A19103F-16F7-4668-BE54-9A1E7A4F7556}") = "DatabaseLib", "DatabaseLib\DatabaseLib.csproj", "{B667114D-3D45-462F-8071-384AED219FD4}"
EndProject
Project("{FAE04EC0-301F-11D3-BF4B-00C04F79EFBC}") = "GameLauncher", "GameLauncher\GameLauncher.csproj", "{C912B9E9-3EBE-4355-9EFF-65F8ACF082F1}"
EndProject
Project("{9A19103F-16F7-4668-BE54-9A1E7A4F7556}") = "HelperTools", "HelperTools\HelperTools.csproj", "{6631989F-6484-42D5-8EAA-0B8552826597}"
EndProject
Project("{9A19103F-16F7-4668-BE54-9A1E7A4F7556}") = "DatabaseREST", "DatabaseREST\DatabaseREST.csproj", "{90A13D50-02A4-47BB-9348-341777605413}"
EndProject
Project("{9A19103F-16F7-4668-BE54-9A1E7A4F7556}") = "UnityModels", "UnityModels\UnityModels.csproj", "{719F10B5-CA5A-4A4C-BA5D-135F37718823}"
EndProject
Project("{C7167F0D-BC9F-4E6E-AFE1-012C56B48DB5}") = "VRBattleInstaller", "VRBattleInstaller\VRBattleInstaller.wapproj", "{81A81971-6D48-4883-91C8-15D9CEDAB3E0}"
EndProject
Project("{FAE04EC0-301F-11D3-BF4B-00C04F79EFBC}") = "ServerManager", "ServerManager\ServerManager.csproj", "{CF21848C-C3E9-4D53-8E83-0689D7D9997D}"
EndProject
Project("{FAE04EC0-301F-11D3-BF4B-00C04F79EFBC}") = "GameServerDecoy", "GameServerDecoy\GameServerDecoy.csproj", "{108394F9-E292-4382-91A8-30C0D62690AC}"
EndProject
Project("{FAE04EC0-301F-11D3-BF4B-00C04F79EFBC}") = "K8SGameServerDevelopment", "K8SGameServerDevelopment\K8SGameServerDevelopment.csproj", "{5A1E710C-1A4A-4632-A193-16B380031C50}"
EndProject
Global
	GlobalSection(SolutionConfigurationPlatforms) = preSolution
		Debug|Any CPU = Debug|Any CPU
		Debug|ARM = Debug|ARM
		Debug|ARM64 = Debug|ARM64
		Debug|x64 = Debug|x64
		Debug|x86 = Debug|x86
		Release|Any CPU = Release|Any CPU
		Release|ARM = Release|ARM
		Release|ARM64 = Release|ARM64
		Release|x64 = Release|x64
		Release|x86 = Release|x86
	EndGlobalSection
	GlobalSection(ProjectConfigurationPlatforms) = postSolution
		{92CF2FC1-531F-4960-A193-33545BEC2B91}.Debug|Any CPU.ActiveCfg = Debug|Any CPU
		{92CF2FC1-531F-4960-A193-33545BEC2B91}.Debug|Any CPU.Build.0 = Debug|Any CPU
		{92CF2FC1-531F-4960-A193-33545BEC2B91}.Debug|ARM.ActiveCfg = Debug|Any CPU
		{92CF2FC1-531F-4960-A193-33545BEC2B91}.Debug|ARM.Build.0 = Debug|Any CPU
		{92CF2FC1-531F-4960-A193-33545BEC2B91}.Debug|ARM64.ActiveCfg = Debug|Any CPU
		{92CF2FC1-531F-4960-A193-33545BEC2B91}.Debug|ARM64.Build.0 = Debug|Any CPU
		{92CF2FC1-531F-4960-A193-33545BEC2B91}.Debug|x64.ActiveCfg = Debug|Any CPU
		{92CF2FC1-531F-4960-A193-33545BEC2B91}.Debug|x64.Build.0 = Debug|Any CPU
		{92CF2FC1-531F-4960-A193-33545BEC2B91}.Debug|x86.ActiveCfg = Debug|Any CPU
		{92CF2FC1-531F-4960-A193-33545BEC2B91}.Debug|x86.Build.0 = Debug|Any CPU
		{92CF2FC1-531F-4960-A193-33545BEC2B91}.Release|Any CPU.ActiveCfg = Release|Any CPU
		{92CF2FC1-531F-4960-A193-33545BEC2B91}.Release|Any CPU.Build.0 = Release|Any CPU
		{92CF2FC1-531F-4960-A193-33545BEC2B91}.Release|ARM.ActiveCfg = Release|Any CPU
		{92CF2FC1-531F-4960-A193-33545BEC2B91}.Release|ARM.Build.0 = Release|Any CPU
		{92CF2FC1-531F-4960-A193-33545BEC2B91}.Release|ARM64.ActiveCfg = Release|Any CPU
		{92CF2FC1-531F-4960-A193-33545BEC2B91}.Release|ARM64.Build.0 = Release|Any CPU
		{92CF2FC1-531F-4960-A193-33545BEC2B91}.Release|x64.ActiveCfg = Release|Any CPU
		{92CF2FC1-531F-4960-A193-33545BEC2B91}.Release|x64.Build.0 = Release|Any CPU
		{92CF2FC1-531F-4960-A193-33545BEC2B91}.Release|x86.ActiveCfg = Release|Any CPU
		{92CF2FC1-531F-4960-A193-33545BEC2B91}.Release|x86.Build.0 = Release|Any CPU
		{0DBFC289-8829-4A26-8CD2-6F7AB9E91AED}.Debug|Any CPU.ActiveCfg = Debug|Any CPU
		{0DBFC289-8829-4A26-8CD2-6F7AB9E91AED}.Debug|Any CPU.Build.0 = Debug|Any CPU
		{0DBFC289-8829-4A26-8CD2-6F7AB9E91AED}.Debug|ARM.ActiveCfg = Debug|Any CPU
		{0DBFC289-8829-4A26-8CD2-6F7AB9E91AED}.Debug|ARM.Build.0 = Debug|Any CPU
		{0DBFC289-8829-4A26-8CD2-6F7AB9E91AED}.Debug|ARM64.ActiveCfg = Debug|Any CPU
		{0DBFC289-8829-4A26-8CD2-6F7AB9E91AED}.Debug|ARM64.Build.0 = Debug|Any CPU
		{0DBFC289-8829-4A26-8CD2-6F7AB9E91AED}.Debug|x64.ActiveCfg = Debug|Any CPU
		{0DBFC289-8829-4A26-8CD2-6F7AB9E91AED}.Debug|x64.Build.0 = Debug|Any CPU
		{0DBFC289-8829-4A26-8CD2-6F7AB9E91AED}.Debug|x86.ActiveCfg = Debug|Any CPU
		{0DBFC289-8829-4A26-8CD2-6F7AB9E91AED}.Debug|x86.Build.0 = Debug|Any CPU
		{0DBFC289-8829-4A26-8CD2-6F7AB9E91AED}.Release|Any CPU.ActiveCfg = Release|Any CPU
		{0DBFC289-8829-4A26-8CD2-6F7AB9E91AED}.Release|Any CPU.Build.0 = Release|Any CPU
		{0DBFC289-8829-4A26-8CD2-6F7AB9E91AED}.Release|ARM.ActiveCfg = Release|Any CPU
		{0DBFC289-8829-4A26-8CD2-6F7AB9E91AED}.Release|ARM.Build.0 = Release|Any CPU
		{0DBFC289-8829-4A26-8CD2-6F7AB9E91AED}.Release|ARM64.ActiveCfg = Release|Any CPU
		{0DBFC289-8829-4A26-8CD2-6F7AB9E91AED}.Release|ARM64.Build.0 = Release|Any CPU
		{0DBFC289-8829-4A26-8CD2-6F7AB9E91AED}.Release|x64.ActiveCfg = Release|Any CPU
		{0DBFC289-8829-4A26-8CD2-6F7AB9E91AED}.Release|x64.Build.0 = Release|Any CPU
		{0DBFC289-8829-4A26-8CD2-6F7AB9E91AED}.Release|x86.ActiveCfg = Release|Any CPU
		{0DBFC289-8829-4A26-8CD2-6F7AB9E91AED}.Release|x86.Build.0 = Release|Any CPU
		{E1BCE2B5-B79B-44B6-9113-30368D4C40F6}.Debug|Any CPU.ActiveCfg = Debug|Any CPU
		{E1BCE2B5-B79B-44B6-9113-30368D4C40F6}.Debug|Any CPU.Build.0 = Debug|Any CPU
		{E1BCE2B5-B79B-44B6-9113-30368D4C40F6}.Debug|ARM.ActiveCfg = Debug|Any CPU
		{E1BCE2B5-B79B-44B6-9113-30368D4C40F6}.Debug|ARM.Build.0 = Debug|Any CPU
		{E1BCE2B5-B79B-44B6-9113-30368D4C40F6}.Debug|ARM64.ActiveCfg = Debug|Any CPU
		{E1BCE2B5-B79B-44B6-9113-30368D4C40F6}.Debug|ARM64.Build.0 = Debug|Any CPU
		{E1BCE2B5-B79B-44B6-9113-30368D4C40F6}.Debug|x64.ActiveCfg = Debug|Any CPU
		{E1BCE2B5-B79B-44B6-9113-30368D4C40F6}.Debug|x64.Build.0 = Debug|Any CPU
		{E1BCE2B5-B79B-44B6-9113-30368D4C40F6}.Debug|x86.ActiveCfg = Debug|Any CPU
		{E1BCE2B5-B79B-44B6-9113-30368D4C40F6}.Debug|x86.Build.0 = Debug|Any CPU
		{E1BCE2B5-B79B-44B6-9113-30368D4C40F6}.Release|Any CPU.ActiveCfg = Release|Any CPU
		{E1BCE2B5-B79B-44B6-9113-30368D4C40F6}.Release|Any CPU.Build.0 = Release|Any CPU
		{E1BCE2B5-B79B-44B6-9113-30368D4C40F6}.Release|ARM.ActiveCfg = Release|Any CPU
		{E1BCE2B5-B79B-44B6-9113-30368D4C40F6}.Release|ARM.Build.0 = Release|Any CPU
		{E1BCE2B5-B79B-44B6-9113-30368D4C40F6}.Release|ARM64.ActiveCfg = Release|Any CPU
		{E1BCE2B5-B79B-44B6-9113-30368D4C40F6}.Release|ARM64.Build.0 = Release|Any CPU
		{E1BCE2B5-B79B-44B6-9113-30368D4C40F6}.Release|x64.ActiveCfg = Release|Any CPU
		{E1BCE2B5-B79B-44B6-9113-30368D4C40F6}.Release|x64.Build.0 = Release|Any CPU
		{E1BCE2B5-B79B-44B6-9113-30368D4C40F6}.Release|x86.ActiveCfg = Release|Any CPU
		{E1BCE2B5-B79B-44B6-9113-30368D4C40F6}.Release|x86.Build.0 = Release|Any CPU
		{3574E245-C6D6-46F1-9DF9-7AAC97E69CE5}.Debug|Any CPU.ActiveCfg = Debug|Any CPU
		{3574E245-C6D6-46F1-9DF9-7AAC97E69CE5}.Debug|Any CPU.Build.0 = Debug|Any CPU
		{3574E245-C6D6-46F1-9DF9-7AAC97E69CE5}.Debug|ARM.ActiveCfg = Debug|Any CPU
		{3574E245-C6D6-46F1-9DF9-7AAC97E69CE5}.Debug|ARM.Build.0 = Debug|Any CPU
		{3574E245-C6D6-46F1-9DF9-7AAC97E69CE5}.Debug|ARM64.ActiveCfg = Debug|Any CPU
		{3574E245-C6D6-46F1-9DF9-7AAC97E69CE5}.Debug|ARM64.Build.0 = Debug|Any CPU
		{3574E245-C6D6-46F1-9DF9-7AAC97E69CE5}.Debug|x64.ActiveCfg = Debug|Any CPU
		{3574E245-C6D6-46F1-9DF9-7AAC97E69CE5}.Debug|x64.Build.0 = Debug|Any CPU
		{3574E245-C6D6-46F1-9DF9-7AAC97E69CE5}.Debug|x86.ActiveCfg = Debug|Any CPU
		{3574E245-C6D6-46F1-9DF9-7AAC97E69CE5}.Debug|x86.Build.0 = Debug|Any CPU
		{3574E245-C6D6-46F1-9DF9-7AAC97E69CE5}.Release|Any CPU.ActiveCfg = Release|Any CPU
		{3574E245-C6D6-46F1-9DF9-7AAC97E69CE5}.Release|Any CPU.Build.0 = Release|Any CPU
		{3574E245-C6D6-46F1-9DF9-7AAC97E69CE5}.Release|ARM.ActiveCfg = Release|Any CPU
		{3574E245-C6D6-46F1-9DF9-7AAC97E69CE5}.Release|ARM.Build.0 = Release|Any CPU
		{3574E245-C6D6-46F1-9DF9-7AAC97E69CE5}.Release|ARM64.ActiveCfg = Release|Any CPU
		{3574E245-C6D6-46F1-9DF9-7AAC97E69CE5}.Release|ARM64.Build.0 = Release|Any CPU
		{3574E245-C6D6-46F1-9DF9-7AAC97E69CE5}.Release|x64.ActiveCfg = Release|Any CPU
		{3574E245-C6D6-46F1-9DF9-7AAC97E69CE5}.Release|x64.Build.0 = Release|Any CPU
		{3574E245-C6D6-46F1-9DF9-7AAC97E69CE5}.Release|x86.ActiveCfg = Release|Any CPU
		{3574E245-C6D6-46F1-9DF9-7AAC97E69CE5}.Release|x86.Build.0 = Release|Any CPU
		{EEEFCA4C-D9F8-4256-8ADC-CA16F5100811}.Debug|Any CPU.ActiveCfg = Debug|Any CPU
		{EEEFCA4C-D9F8-4256-8ADC-CA16F5100811}.Debug|Any CPU.Build.0 = Debug|Any CPU
		{EEEFCA4C-D9F8-4256-8ADC-CA16F5100811}.Debug|ARM.ActiveCfg = Debug|Any CPU
		{EEEFCA4C-D9F8-4256-8ADC-CA16F5100811}.Debug|ARM.Build.0 = Debug|Any CPU
		{EEEFCA4C-D9F8-4256-8ADC-CA16F5100811}.Debug|ARM64.ActiveCfg = Debug|Any CPU
		{EEEFCA4C-D9F8-4256-8ADC-CA16F5100811}.Debug|ARM64.Build.0 = Debug|Any CPU
		{EEEFCA4C-D9F8-4256-8ADC-CA16F5100811}.Debug|x64.ActiveCfg = Debug|Any CPU
		{EEEFCA4C-D9F8-4256-8ADC-CA16F5100811}.Debug|x64.Build.0 = Debug|Any CPU
		{EEEFCA4C-D9F8-4256-8ADC-CA16F5100811}.Debug|x86.ActiveCfg = Debug|Any CPU
		{EEEFCA4C-D9F8-4256-8ADC-CA16F5100811}.Debug|x86.Build.0 = Debug|Any CPU
		{EEEFCA4C-D9F8-4256-8ADC-CA16F5100811}.Release|Any CPU.ActiveCfg = Release|Any CPU
		{EEEFCA4C-D9F8-4256-8ADC-CA16F5100811}.Release|Any CPU.Build.0 = Release|Any CPU
		{EEEFCA4C-D9F8-4256-8ADC-CA16F5100811}.Release|ARM.ActiveCfg = Release|Any CPU
		{EEEFCA4C-D9F8-4256-8ADC-CA16F5100811}.Release|ARM.Build.0 = Release|Any CPU
		{EEEFCA4C-D9F8-4256-8ADC-CA16F5100811}.Release|ARM64.ActiveCfg = Release|Any CPU
		{EEEFCA4C-D9F8-4256-8ADC-CA16F5100811}.Release|ARM64.Build.0 = Release|Any CPU
		{EEEFCA4C-D9F8-4256-8ADC-CA16F5100811}.Release|x64.ActiveCfg = Release|Any CPU
		{EEEFCA4C-D9F8-4256-8ADC-CA16F5100811}.Release|x64.Build.0 = Release|Any CPU
		{EEEFCA4C-D9F8-4256-8ADC-CA16F5100811}.Release|x86.ActiveCfg = Release|Any CPU
		{EEEFCA4C-D9F8-4256-8ADC-CA16F5100811}.Release|x86.Build.0 = Release|Any CPU
		{9FB4F256-FDCE-4538-B86C-ADEE6576A502}.Debug|Any CPU.ActiveCfg = Debug|Any CPU
		{9FB4F256-FDCE-4538-B86C-ADEE6576A502}.Debug|Any CPU.Build.0 = Debug|Any CPU
		{9FB4F256-FDCE-4538-B86C-ADEE6576A502}.Debug|ARM.ActiveCfg = Debug|Any CPU
		{9FB4F256-FDCE-4538-B86C-ADEE6576A502}.Debug|ARM.Build.0 = Debug|Any CPU
		{9FB4F256-FDCE-4538-B86C-ADEE6576A502}.Debug|ARM64.ActiveCfg = Debug|Any CPU
		{9FB4F256-FDCE-4538-B86C-ADEE6576A502}.Debug|ARM64.Build.0 = Debug|Any CPU
		{9FB4F256-FDCE-4538-B86C-ADEE6576A502}.Debug|x64.ActiveCfg = Debug|Any CPU
		{9FB4F256-FDCE-4538-B86C-ADEE6576A502}.Debug|x64.Build.0 = Debug|Any CPU
		{9FB4F256-FDCE-4538-B86C-ADEE6576A502}.Debug|x86.ActiveCfg = Debug|Any CPU
		{9FB4F256-FDCE-4538-B86C-ADEE6576A502}.Debug|x86.Build.0 = Debug|Any CPU
		{9FB4F256-FDCE-4538-B86C-ADEE6576A502}.Release|Any CPU.ActiveCfg = Release|Any CPU
		{9FB4F256-FDCE-4538-B86C-ADEE6576A502}.Release|Any CPU.Build.0 = Release|Any CPU
		{9FB4F256-FDCE-4538-B86C-ADEE6576A502}.Release|ARM.ActiveCfg = Release|Any CPU
		{9FB4F256-FDCE-4538-B86C-ADEE6576A502}.Release|ARM.Build.0 = Release|Any CPU
		{9FB4F256-FDCE-4538-B86C-ADEE6576A502}.Release|ARM64.ActiveCfg = Release|Any CPU
		{9FB4F256-FDCE-4538-B86C-ADEE6576A502}.Release|ARM64.Build.0 = Release|Any CPU
		{9FB4F256-FDCE-4538-B86C-ADEE6576A502}.Release|x64.ActiveCfg = Release|Any CPU
		{9FB4F256-FDCE-4538-B86C-ADEE6576A502}.Release|x64.Build.0 = Release|Any CPU
		{9FB4F256-FDCE-4538-B86C-ADEE6576A502}.Release|x86.ActiveCfg = Release|Any CPU
		{9FB4F256-FDCE-4538-B86C-ADEE6576A502}.Release|x86.Build.0 = Release|Any CPU
		{40BD5A08-C2D0-4FB7-B8E4-B00914403CDE}.Debug|Any CPU.ActiveCfg = Debug|Any CPU
		{40BD5A08-C2D0-4FB7-B8E4-B00914403CDE}.Debug|Any CPU.Build.0 = Debug|Any CPU
		{40BD5A08-C2D0-4FB7-B8E4-B00914403CDE}.Debug|ARM.ActiveCfg = Debug|Any CPU
		{40BD5A08-C2D0-4FB7-B8E4-B00914403CDE}.Debug|ARM.Build.0 = Debug|Any CPU
		{40BD5A08-C2D0-4FB7-B8E4-B00914403CDE}.Debug|ARM64.ActiveCfg = Debug|Any CPU
		{40BD5A08-C2D0-4FB7-B8E4-B00914403CDE}.Debug|ARM64.Build.0 = Debug|Any CPU
		{40BD5A08-C2D0-4FB7-B8E4-B00914403CDE}.Debug|x64.ActiveCfg = Debug|Any CPU
		{40BD5A08-C2D0-4FB7-B8E4-B00914403CDE}.Debug|x64.Build.0 = Debug|Any CPU
		{40BD5A08-C2D0-4FB7-B8E4-B00914403CDE}.Debug|x86.ActiveCfg = Debug|Any CPU
		{40BD5A08-C2D0-4FB7-B8E4-B00914403CDE}.Debug|x86.Build.0 = Debug|Any CPU
		{40BD5A08-C2D0-4FB7-B8E4-B00914403CDE}.Release|Any CPU.ActiveCfg = Release|Any CPU
		{40BD5A08-C2D0-4FB7-B8E4-B00914403CDE}.Release|Any CPU.Build.0 = Release|Any CPU
		{40BD5A08-C2D0-4FB7-B8E4-B00914403CDE}.Release|ARM.ActiveCfg = Release|Any CPU
		{40BD5A08-C2D0-4FB7-B8E4-B00914403CDE}.Release|ARM.Build.0 = Release|Any CPU
		{40BD5A08-C2D0-4FB7-B8E4-B00914403CDE}.Release|ARM64.ActiveCfg = Release|Any CPU
		{40BD5A08-C2D0-4FB7-B8E4-B00914403CDE}.Release|ARM64.Build.0 = Release|Any CPU
		{40BD5A08-C2D0-4FB7-B8E4-B00914403CDE}.Release|x64.ActiveCfg = Release|Any CPU
		{40BD5A08-C2D0-4FB7-B8E4-B00914403CDE}.Release|x64.Build.0 = Release|Any CPU
		{40BD5A08-C2D0-4FB7-B8E4-B00914403CDE}.Release|x86.ActiveCfg = Release|Any CPU
		{40BD5A08-C2D0-4FB7-B8E4-B00914403CDE}.Release|x86.Build.0 = Release|Any CPU
		{B667114D-3D45-462F-8071-384AED219FD4}.Debug|Any CPU.ActiveCfg = Debug|Any CPU
		{B667114D-3D45-462F-8071-384AED219FD4}.Debug|Any CPU.Build.0 = Debug|Any CPU
		{B667114D-3D45-462F-8071-384AED219FD4}.Debug|ARM.ActiveCfg = Debug|Any CPU
		{B667114D-3D45-462F-8071-384AED219FD4}.Debug|ARM.Build.0 = Debug|Any CPU
		{B667114D-3D45-462F-8071-384AED219FD4}.Debug|ARM64.ActiveCfg = Debug|Any CPU
		{B667114D-3D45-462F-8071-384AED219FD4}.Debug|ARM64.Build.0 = Debug|Any CPU
		{B667114D-3D45-462F-8071-384AED219FD4}.Debug|x64.ActiveCfg = Debug|Any CPU
		{B667114D-3D45-462F-8071-384AED219FD4}.Debug|x64.Build.0 = Debug|Any CPU
		{B667114D-3D45-462F-8071-384AED219FD4}.Debug|x86.ActiveCfg = Debug|Any CPU
		{B667114D-3D45-462F-8071-384AED219FD4}.Debug|x86.Build.0 = Debug|Any CPU
		{B667114D-3D45-462F-8071-384AED219FD4}.Release|Any CPU.ActiveCfg = Release|Any CPU
		{B667114D-3D45-462F-8071-384AED219FD4}.Release|Any CPU.Build.0 = Release|Any CPU
		{B667114D-3D45-462F-8071-384AED219FD4}.Release|ARM.ActiveCfg = Release|Any CPU
		{B667114D-3D45-462F-8071-384AED219FD4}.Release|ARM.Build.0 = Release|Any CPU
		{B667114D-3D45-462F-8071-384AED219FD4}.Release|ARM64.ActiveCfg = Release|Any CPU
		{B667114D-3D45-462F-8071-384AED219FD4}.Release|ARM64.Build.0 = Release|Any CPU
		{B667114D-3D45-462F-8071-384AED219FD4}.Release|x64.ActiveCfg = Release|Any CPU
		{B667114D-3D45-462F-8071-384AED219FD4}.Release|x64.Build.0 = Release|Any CPU
		{B667114D-3D45-462F-8071-384AED219FD4}.Release|x86.ActiveCfg = Release|Any CPU
		{B667114D-3D45-462F-8071-384AED219FD4}.Release|x86.Build.0 = Release|Any CPU
		{C912B9E9-3EBE-4355-9EFF-65F8ACF082F1}.Debug|Any CPU.ActiveCfg = Debug|Any CPU
		{C912B9E9-3EBE-4355-9EFF-65F8ACF082F1}.Debug|Any CPU.Build.0 = Debug|Any CPU
		{C912B9E9-3EBE-4355-9EFF-65F8ACF082F1}.Debug|ARM.ActiveCfg = Debug|Any CPU
		{C912B9E9-3EBE-4355-9EFF-65F8ACF082F1}.Debug|ARM.Build.0 = Debug|Any CPU
		{C912B9E9-3EBE-4355-9EFF-65F8ACF082F1}.Debug|ARM64.ActiveCfg = Debug|Any CPU
		{C912B9E9-3EBE-4355-9EFF-65F8ACF082F1}.Debug|ARM64.Build.0 = Debug|Any CPU
		{C912B9E9-3EBE-4355-9EFF-65F8ACF082F1}.Debug|x64.ActiveCfg = Debug|Any CPU
		{C912B9E9-3EBE-4355-9EFF-65F8ACF082F1}.Debug|x64.Build.0 = Debug|Any CPU
		{C912B9E9-3EBE-4355-9EFF-65F8ACF082F1}.Debug|x86.ActiveCfg = Debug|Any CPU
		{C912B9E9-3EBE-4355-9EFF-65F8ACF082F1}.Debug|x86.Build.0 = Debug|Any CPU
		{C912B9E9-3EBE-4355-9EFF-65F8ACF082F1}.Release|Any CPU.ActiveCfg = Release|Any CPU
		{C912B9E9-3EBE-4355-9EFF-65F8ACF082F1}.Release|Any CPU.Build.0 = Release|Any CPU
		{C912B9E9-3EBE-4355-9EFF-65F8ACF082F1}.Release|ARM.ActiveCfg = Release|Any CPU
		{C912B9E9-3EBE-4355-9EFF-65F8ACF082F1}.Release|ARM.Build.0 = Release|Any CPU
		{C912B9E9-3EBE-4355-9EFF-65F8ACF082F1}.Release|ARM64.ActiveCfg = Release|Any CPU
		{C912B9E9-3EBE-4355-9EFF-65F8ACF082F1}.Release|ARM64.Build.0 = Release|Any CPU
		{C912B9E9-3EBE-4355-9EFF-65F8ACF082F1}.Release|x64.ActiveCfg = Release|x64
		{C912B9E9-3EBE-4355-9EFF-65F8ACF082F1}.Release|x64.Build.0 = Release|x64
		{C912B9E9-3EBE-4355-9EFF-65F8ACF082F1}.Release|x86.ActiveCfg = Release|x86
		{C912B9E9-3EBE-4355-9EFF-65F8ACF082F1}.Release|x86.Build.0 = Release|x86
		{6631989F-6484-42D5-8EAA-0B8552826597}.Debug|Any CPU.ActiveCfg = Debug|Any CPU
		{6631989F-6484-42D5-8EAA-0B8552826597}.Debug|Any CPU.Build.0 = Debug|Any CPU
		{6631989F-6484-42D5-8EAA-0B8552826597}.Debug|ARM.ActiveCfg = Debug|Any CPU
		{6631989F-6484-42D5-8EAA-0B8552826597}.Debug|ARM.Build.0 = Debug|Any CPU
		{6631989F-6484-42D5-8EAA-0B8552826597}.Debug|ARM64.ActiveCfg = Debug|Any CPU
		{6631989F-6484-42D5-8EAA-0B8552826597}.Debug|ARM64.Build.0 = Debug|Any CPU
		{6631989F-6484-42D5-8EAA-0B8552826597}.Debug|x64.ActiveCfg = Debug|Any CPU
		{6631989F-6484-42D5-8EAA-0B8552826597}.Debug|x64.Build.0 = Debug|Any CPU
		{6631989F-6484-42D5-8EAA-0B8552826597}.Debug|x86.ActiveCfg = Debug|Any CPU
		{6631989F-6484-42D5-8EAA-0B8552826597}.Debug|x86.Build.0 = Debug|Any CPU
		{6631989F-6484-42D5-8EAA-0B8552826597}.Release|Any CPU.ActiveCfg = Release|Any CPU
		{6631989F-6484-42D5-8EAA-0B8552826597}.Release|Any CPU.Build.0 = Release|Any CPU
		{6631989F-6484-42D5-8EAA-0B8552826597}.Release|ARM.ActiveCfg = Release|Any CPU
		{6631989F-6484-42D5-8EAA-0B8552826597}.Release|ARM.Build.0 = Release|Any CPU
		{6631989F-6484-42D5-8EAA-0B8552826597}.Release|ARM64.ActiveCfg = Release|Any CPU
		{6631989F-6484-42D5-8EAA-0B8552826597}.Release|ARM64.Build.0 = Release|Any CPU
		{6631989F-6484-42D5-8EAA-0B8552826597}.Release|x64.ActiveCfg = Release|Any CPU
		{6631989F-6484-42D5-8EAA-0B8552826597}.Release|x64.Build.0 = Release|Any CPU
		{6631989F-6484-42D5-8EAA-0B8552826597}.Release|x86.ActiveCfg = Release|Any CPU
		{6631989F-6484-42D5-8EAA-0B8552826597}.Release|x86.Build.0 = Release|Any CPU
		{90A13D50-02A4-47BB-9348-341777605413}.Debug|Any CPU.ActiveCfg = Debug|Any CPU
		{90A13D50-02A4-47BB-9348-341777605413}.Debug|Any CPU.Build.0 = Debug|Any CPU
		{90A13D50-02A4-47BB-9348-341777605413}.Debug|ARM.ActiveCfg = Debug|Any CPU
		{90A13D50-02A4-47BB-9348-341777605413}.Debug|ARM.Build.0 = Debug|Any CPU
		{90A13D50-02A4-47BB-9348-341777605413}.Debug|ARM64.ActiveCfg = Debug|Any CPU
		{90A13D50-02A4-47BB-9348-341777605413}.Debug|ARM64.Build.0 = Debug|Any CPU
		{90A13D50-02A4-47BB-9348-341777605413}.Debug|x64.ActiveCfg = Debug|Any CPU
		{90A13D50-02A4-47BB-9348-341777605413}.Debug|x64.Build.0 = Debug|Any CPU
		{90A13D50-02A4-47BB-9348-341777605413}.Debug|x86.ActiveCfg = Debug|Any CPU
		{90A13D50-02A4-47BB-9348-341777605413}.Debug|x86.Build.0 = Debug|Any CPU
		{90A13D50-02A4-47BB-9348-341777605413}.Release|Any CPU.ActiveCfg = Release|Any CPU
		{90A13D50-02A4-47BB-9348-341777605413}.Release|Any CPU.Build.0 = Release|Any CPU
		{90A13D50-02A4-47BB-9348-341777605413}.Release|ARM.ActiveCfg = Release|Any CPU
		{90A13D50-02A4-47BB-9348-341777605413}.Release|ARM.Build.0 = Release|Any CPU
		{90A13D50-02A4-47BB-9348-341777605413}.Release|ARM64.ActiveCfg = Release|Any CPU
		{90A13D50-02A4-47BB-9348-341777605413}.Release|ARM64.Build.0 = Release|Any CPU
		{90A13D50-02A4-47BB-9348-341777605413}.Release|x64.ActiveCfg = Release|Any CPU
		{90A13D50-02A4-47BB-9348-341777605413}.Release|x64.Build.0 = Release|Any CPU
		{90A13D50-02A4-47BB-9348-341777605413}.Release|x86.ActiveCfg = Release|Any CPU
		{90A13D50-02A4-47BB-9348-341777605413}.Release|x86.Build.0 = Release|Any CPU
		{719F10B5-CA5A-4A4C-BA5D-135F37718823}.Debug|Any CPU.ActiveCfg = Debug|Any CPU
		{719F10B5-CA5A-4A4C-BA5D-135F37718823}.Debug|Any CPU.Build.0 = Debug|Any CPU
		{719F10B5-CA5A-4A4C-BA5D-135F37718823}.Debug|ARM.ActiveCfg = Debug|Any CPU
		{719F10B5-CA5A-4A4C-BA5D-135F37718823}.Debug|ARM.Build.0 = Debug|Any CPU
		{719F10B5-CA5A-4A4C-BA5D-135F37718823}.Debug|ARM64.ActiveCfg = Debug|Any CPU
		{719F10B5-CA5A-4A4C-BA5D-135F37718823}.Debug|ARM64.Build.0 = Debug|Any CPU
		{719F10B5-CA5A-4A4C-BA5D-135F37718823}.Debug|x64.ActiveCfg = Debug|Any CPU
		{719F10B5-CA5A-4A4C-BA5D-135F37718823}.Debug|x64.Build.0 = Debug|Any CPU
		{719F10B5-CA5A-4A4C-BA5D-135F37718823}.Debug|x86.ActiveCfg = Debug|Any CPU
		{719F10B5-CA5A-4A4C-BA5D-135F37718823}.Debug|x86.Build.0 = Debug|Any CPU
		{719F10B5-CA5A-4A4C-BA5D-135F37718823}.Release|Any CPU.ActiveCfg = Release|Any CPU
		{719F10B5-CA5A-4A4C-BA5D-135F37718823}.Release|Any CPU.Build.0 = Release|Any CPU
		{719F10B5-CA5A-4A4C-BA5D-135F37718823}.Release|ARM.ActiveCfg = Release|Any CPU
		{719F10B5-CA5A-4A4C-BA5D-135F37718823}.Release|ARM.Build.0 = Release|Any CPU
		{719F10B5-CA5A-4A4C-BA5D-135F37718823}.Release|ARM64.ActiveCfg = Release|Any CPU
		{719F10B5-CA5A-4A4C-BA5D-135F37718823}.Release|ARM64.Build.0 = Release|Any CPU
		{719F10B5-CA5A-4A4C-BA5D-135F37718823}.Release|x64.ActiveCfg = Release|Any CPU
		{719F10B5-CA5A-4A4C-BA5D-135F37718823}.Release|x64.Build.0 = Release|Any CPU
		{719F10B5-CA5A-4A4C-BA5D-135F37718823}.Release|x86.ActiveCfg = Release|Any CPU
		{719F10B5-CA5A-4A4C-BA5D-135F37718823}.Release|x86.Build.0 = Release|Any CPU
		{81A81971-6D48-4883-91C8-15D9CEDAB3E0}.Debug|Any CPU.ActiveCfg = Debug|Any CPU
		{81A81971-6D48-4883-91C8-15D9CEDAB3E0}.Debug|Any CPU.Build.0 = Debug|Any CPU
		{81A81971-6D48-4883-91C8-15D9CEDAB3E0}.Debug|Any CPU.Deploy.0 = Debug|Any CPU
		{81A81971-6D48-4883-91C8-15D9CEDAB3E0}.Debug|ARM.ActiveCfg = Debug|ARM
		{81A81971-6D48-4883-91C8-15D9CEDAB3E0}.Debug|ARM.Build.0 = Debug|ARM
		{81A81971-6D48-4883-91C8-15D9CEDAB3E0}.Debug|ARM.Deploy.0 = Debug|ARM
		{81A81971-6D48-4883-91C8-15D9CEDAB3E0}.Debug|ARM64.ActiveCfg = Debug|ARM64
		{81A81971-6D48-4883-91C8-15D9CEDAB3E0}.Debug|ARM64.Build.0 = Debug|ARM64
		{81A81971-6D48-4883-91C8-15D9CEDAB3E0}.Debug|ARM64.Deploy.0 = Debug|ARM64
		{81A81971-6D48-4883-91C8-15D9CEDAB3E0}.Debug|x64.ActiveCfg = Debug|x64
		{81A81971-6D48-4883-91C8-15D9CEDAB3E0}.Debug|x64.Build.0 = Debug|x64
		{81A81971-6D48-4883-91C8-15D9CEDAB3E0}.Debug|x64.Deploy.0 = Debug|x64
		{81A81971-6D48-4883-91C8-15D9CEDAB3E0}.Debug|x86.ActiveCfg = Debug|x86
		{81A81971-6D48-4883-91C8-15D9CEDAB3E0}.Debug|x86.Build.0 = Debug|x86
		{81A81971-6D48-4883-91C8-15D9CEDAB3E0}.Debug|x86.Deploy.0 = Debug|x86
		{81A81971-6D48-4883-91C8-15D9CEDAB3E0}.Release|Any CPU.ActiveCfg = Release|Any CPU
		{81A81971-6D48-4883-91C8-15D9CEDAB3E0}.Release|Any CPU.Build.0 = Release|Any CPU
		{81A81971-6D48-4883-91C8-15D9CEDAB3E0}.Release|Any CPU.Deploy.0 = Release|Any CPU
		{81A81971-6D48-4883-91C8-15D9CEDAB3E0}.Release|ARM.ActiveCfg = Release|ARM
		{81A81971-6D48-4883-91C8-15D9CEDAB3E0}.Release|ARM.Build.0 = Release|ARM
		{81A81971-6D48-4883-91C8-15D9CEDAB3E0}.Release|ARM.Deploy.0 = Release|ARM
		{81A81971-6D48-4883-91C8-15D9CEDAB3E0}.Release|ARM64.ActiveCfg = Release|ARM64
		{81A81971-6D48-4883-91C8-15D9CEDAB3E0}.Release|ARM64.Build.0 = Release|ARM64
		{81A81971-6D48-4883-91C8-15D9CEDAB3E0}.Release|ARM64.Deploy.0 = Release|ARM64
		{81A81971-6D48-4883-91C8-15D9CEDAB3E0}.Release|x64.ActiveCfg = Release|x64
		{81A81971-6D48-4883-91C8-15D9CEDAB3E0}.Release|x64.Build.0 = Release|x64
		{81A81971-6D48-4883-91C8-15D9CEDAB3E0}.Release|x64.Deploy.0 = Release|x64
		{81A81971-6D48-4883-91C8-15D9CEDAB3E0}.Release|x86.ActiveCfg = Release|x86
		{81A81971-6D48-4883-91C8-15D9CEDAB3E0}.Release|x86.Build.0 = Release|x86
		{81A81971-6D48-4883-91C8-15D9CEDAB3E0}.Release|x86.Deploy.0 = Release|x86
		{CF21848C-C3E9-4D53-8E83-0689D7D9997D}.Debug|Any CPU.ActiveCfg = Debug|Any CPU
		{CF21848C-C3E9-4D53-8E83-0689D7D9997D}.Debug|Any CPU.Build.0 = Debug|Any CPU
		{CF21848C-C3E9-4D53-8E83-0689D7D9997D}.Debug|ARM.ActiveCfg = Debug|Any CPU
		{CF21848C-C3E9-4D53-8E83-0689D7D9997D}.Debug|ARM.Build.0 = Debug|Any CPU
		{CF21848C-C3E9-4D53-8E83-0689D7D9997D}.Debug|ARM64.ActiveCfg = Debug|Any CPU
		{CF21848C-C3E9-4D53-8E83-0689D7D9997D}.Debug|ARM64.Build.0 = Debug|Any CPU
		{CF21848C-C3E9-4D53-8E83-0689D7D9997D}.Debug|x64.ActiveCfg = Debug|Any CPU
		{CF21848C-C3E9-4D53-8E83-0689D7D9997D}.Debug|x64.Build.0 = Debug|Any CPU
		{CF21848C-C3E9-4D53-8E83-0689D7D9997D}.Debug|x86.ActiveCfg = Debug|Any CPU
		{CF21848C-C3E9-4D53-8E83-0689D7D9997D}.Debug|x86.Build.0 = Debug|Any CPU
		{CF21848C-C3E9-4D53-8E83-0689D7D9997D}.Release|Any CPU.ActiveCfg = Release|Any CPU
		{CF21848C-C3E9-4D53-8E83-0689D7D9997D}.Release|Any CPU.Build.0 = Release|Any CPU
		{CF21848C-C3E9-4D53-8E83-0689D7D9997D}.Release|ARM.ActiveCfg = Release|Any CPU
		{CF21848C-C3E9-4D53-8E83-0689D7D9997D}.Release|ARM.Build.0 = Release|Any CPU
		{CF21848C-C3E9-4D53-8E83-0689D7D9997D}.Release|ARM64.ActiveCfg = Release|Any CPU
		{CF21848C-C3E9-4D53-8E83-0689D7D9997D}.Release|ARM64.Build.0 = Release|Any CPU
		{CF21848C-C3E9-4D53-8E83-0689D7D9997D}.Release|x64.ActiveCfg = Release|Any CPU
		{CF21848C-C3E9-4D53-8E83-0689D7D9997D}.Release|x64.Build.0 = Release|Any CPU
		{CF21848C-C3E9-4D53-8E83-0689D7D9997D}.Release|x86.ActiveCfg = Release|Any CPU
		{CF21848C-C3E9-4D53-8E83-0689D7D9997D}.Release|x86.Build.0 = Release|Any CPU
		{108394F9-E292-4382-91A8-30C0D62690AC}.Debug|Any CPU.ActiveCfg = Debug|Any CPU
		{108394F9-E292-4382-91A8-30C0D62690AC}.Debug|Any CPU.Build.0 = Debug|Any CPU
		{108394F9-E292-4382-91A8-30C0D62690AC}.Debug|ARM.ActiveCfg = Debug|Any CPU
		{108394F9-E292-4382-91A8-30C0D62690AC}.Debug|ARM.Build.0 = Debug|Any CPU
		{108394F9-E292-4382-91A8-30C0D62690AC}.Debug|ARM64.ActiveCfg = Debug|Any CPU
		{108394F9-E292-4382-91A8-30C0D62690AC}.Debug|ARM64.Build.0 = Debug|Any CPU
		{108394F9-E292-4382-91A8-30C0D62690AC}.Debug|x64.ActiveCfg = Debug|Any CPU
		{108394F9-E292-4382-91A8-30C0D62690AC}.Debug|x64.Build.0 = Debug|Any CPU
		{108394F9-E292-4382-91A8-30C0D62690AC}.Debug|x86.ActiveCfg = Debug|Any CPU
		{108394F9-E292-4382-91A8-30C0D62690AC}.Debug|x86.Build.0 = Debug|Any CPU
		{108394F9-E292-4382-91A8-30C0D62690AC}.Release|Any CPU.ActiveCfg = Release|Any CPU
		{108394F9-E292-4382-91A8-30C0D62690AC}.Release|Any CPU.Build.0 = Release|Any CPU
		{108394F9-E292-4382-91A8-30C0D62690AC}.Release|ARM.ActiveCfg = Release|Any CPU
		{108394F9-E292-4382-91A8-30C0D62690AC}.Release|ARM.Build.0 = Release|Any CPU
		{108394F9-E292-4382-91A8-30C0D62690AC}.Release|ARM64.ActiveCfg = Release|Any CPU
		{108394F9-E292-4382-91A8-30C0D62690AC}.Release|ARM64.Build.0 = Release|Any CPU
		{108394F9-E292-4382-91A8-30C0D62690AC}.Release|x64.ActiveCfg = Release|Any CPU
		{108394F9-E292-4382-91A8-30C0D62690AC}.Release|x64.Build.0 = Release|Any CPU
		{108394F9-E292-4382-91A8-30C0D62690AC}.Release|x86.ActiveCfg = Release|Any CPU
		{108394F9-E292-4382-91A8-30C0D62690AC}.Release|x86.Build.0 = Release|Any CPU
		{5A1E710C-1A4A-4632-A193-16B380031C50}.Debug|Any CPU.ActiveCfg = Debug|Any CPU
		{5A1E710C-1A4A-4632-A193-16B380031C50}.Debug|Any CPU.Build.0 = Debug|Any CPU
		{5A1E710C-1A4A-4632-A193-16B380031C50}.Debug|ARM.ActiveCfg = Debug|Any CPU
		{5A1E710C-1A4A-4632-A193-16B380031C50}.Debug|ARM.Build.0 = Debug|Any CPU
		{5A1E710C-1A4A-4632-A193-16B380031C50}.Debug|ARM64.ActiveCfg = Debug|Any CPU
		{5A1E710C-1A4A-4632-A193-16B380031C50}.Debug|ARM64.Build.0 = Debug|Any CPU
		{5A1E710C-1A4A-4632-A193-16B380031C50}.Debug|x64.ActiveCfg = Debug|Any CPU
		{5A1E710C-1A4A-4632-A193-16B380031C50}.Debug|x64.Build.0 = Debug|Any CPU
		{5A1E710C-1A4A-4632-A193-16B380031C50}.Debug|x86.ActiveCfg = Debug|Any CPU
		{5A1E710C-1A4A-4632-A193-16B380031C50}.Debug|x86.Build.0 = Debug|Any CPU
		{5A1E710C-1A4A-4632-A193-16B380031C50}.Release|Any CPU.ActiveCfg = Release|Any CPU
		{5A1E710C-1A4A-4632-A193-16B380031C50}.Release|Any CPU.Build.0 = Release|Any CPU
		{5A1E710C-1A4A-4632-A193-16B380031C50}.Release|ARM.ActiveCfg = Release|Any CPU
		{5A1E710C-1A4A-4632-A193-16B380031C50}.Release|ARM.Build.0 = Release|Any CPU
		{5A1E710C-1A4A-4632-A193-16B380031C50}.Release|ARM64.ActiveCfg = Release|Any CPU
		{5A1E710C-1A4A-4632-A193-16B380031C50}.Release|ARM64.Build.0 = Release|Any CPU
		{5A1E710C-1A4A-4632-A193-16B380031C50}.Release|x64.ActiveCfg = Release|Any CPU
		{5A1E710C-1A4A-4632-A193-16B380031C50}.Release|x64.Build.0 = Release|Any CPU
		{5A1E710C-1A4A-4632-A193-16B380031C50}.Release|x86.ActiveCfg = Release|Any CPU
		{5A1E710C-1A4A-4632-A193-16B380031C50}.Release|x86.Build.0 = Release|Any CPU
	EndGlobalSection
	GlobalSection(SolutionProperties) = preSolution
		HideSolutionNode = FALSE
	EndGlobalSection
	GlobalSection(ExtensibilityGlobals) = postSolution
		SolutionGuid = {04DABC5B-0DE3-4667-BDFE-8C4CDAF06D12}
	EndGlobalSection
EndGlobal
